
Microsoft Visual Studio Solution File, Format Version 12.00
# Visual Studio 15
VisualStudioVersion = 15.0.26430.6
MinimumVisualStudioVersion = 10.0.40219.1
Project("{FAE04EC0-301F-11D3-BF4B-00C04F79EFBC}") = "EmployesHierarchyTests", "EmployesHierarchyTests\EmployesHierarchyTests.csproj", "{E36181FC-F299-4DDE-AF07-1CB80CCDE413}"
EndProject
Project("{FAE04EC0-301F-11D3-BF4B-00C04F79EFBC}") = "EmployesHierarchy", "EmployesHierarchy\EmployesHierarchy.csproj", "{476A586E-89E9-45A3-A9F6-A3FCB0DA7455}"
EndProject
Project("{FAE04EC0-301F-11D3-BF4B-00C04F79EFBC}") = "Common", "Common\Common.csproj", "{FEDF4430-DAD6-4CB3-B67B-ED67E6C2D5FC}"
EndProject
Project("{FAE04EC0-301F-11D3-BF4B-00C04F79EFBC}") = "EmployesData", "EmployesData\EmployesData.csproj", "{B137BF71-96B5-41E8-9E47-366F9456A81D}"
EndProject
Global
	GlobalSection(SolutionConfigurationPlatforms) = preSolution
		Debug|Any CPU = Debug|Any CPU
		Release|Any CPU = Release|Any CPU
	EndGlobalSection
	GlobalSection(ProjectConfigurationPlatforms) = postSolution
		{E36181FC-F299-4DDE-AF07-1CB80CCDE413}.Debug|Any CPU.ActiveCfg = Debug|Any CPU
		{E36181FC-F299-4DDE-AF07-1CB80CCDE413}.Debug|Any CPU.Build.0 = Debug|Any CPU
		{E36181FC-F299-4DDE-AF07-1CB80CCDE413}.Release|Any CPU.ActiveCfg = Release|Any CPU
		{E36181FC-F299-4DDE-AF07-1CB80CCDE413}.Release|Any CPU.Build.0 = Release|Any CPU
		{476A586E-89E9-45A3-A9F6-A3FCB0DA7455}.Debug|Any CPU.ActiveCfg = Debug|Any CPU
		{476A586E-89E9-45A3-A9F6-A3FCB0DA7455}.Debug|Any CPU.Build.0 = Debug|Any CPU
		{476A586E-89E9-45A3-A9F6-A3FCB0DA7455}.Release|Any CPU.ActiveCfg = Release|Any CPU
		{476A586E-89E9-45A3-A9F6-A3FCB0DA7455}.Release|Any CPU.Build.0 = Release|Any CPU
		{FEDF4430-DAD6-4CB3-B67B-ED67E6C2D5FC}.Debug|Any CPU.ActiveCfg = Debug|Any CPU
		{FEDF4430-DAD6-4CB3-B67B-ED67E6C2D5FC}.Debug|Any CPU.Build.0 = Debug|Any CPU
		{FEDF4430-DAD6-4CB3-B67B-ED67E6C2D5FC}.Release|Any CPU.ActiveCfg = Release|Any CPU
		{FEDF4430-DAD6-4CB3-B67B-ED67E6C2D5FC}.Release|Any CPU.Build.0 = Release|Any CPU
		{B137BF71-96B5-41E8-9E47-366F9456A81D}.Debug|Any CPU.ActiveCfg = Debug|Any CPU
		{B137BF71-96B5-41E8-9E47-366F9456A81D}.Debug|Any CPU.Build.0 = Debug|Any CPU
		{B137BF71-96B5-41E8-9E47-366F9456A81D}.Release|Any CPU.ActiveCfg = Release|Any CPU
		{B137BF71-96B5-41E8-9E47-366F9456A81D}.Release|Any CPU.Build.0 = Release|Any CPU
	EndGlobalSection
	GlobalSection(SolutionProperties) = preSolution
		HideSolutionNode = FALSE
	EndGlobalSection
EndGlobal
